
Microsoft Visual Studio Solution File, Format Version 12.00
# Visual Studio Version 16
VisualStudioVersion = 16.0.30128.74
MinimumVisualStudioVersion = 10.0.40219.1
Project("{FAE04EC0-301F-11D3-BF4B-00C04F79EFBC}") = "AzureKinectHelloWorld", "AzureKinectHelloWorld.csproj", "{8D31630B-4705-4487-A23E-F292C1114038}"
EndProject
Global
	GlobalSection(SolutionConfigurationPlatforms) = preSolution
		Debug|Any CPU = Debug|Any CPU
		Debug|x64 = Debug|x64
		Release|Any CPU = Release|Any CPU
		Release|x64 = Release|x64
	EndGlobalSection
	GlobalSection(ProjectConfigurationPlatforms) = postSolution
		{8D31630B-4705-4487-A23E-F292C1114038}.Debug|Any CPU.ActiveCfg = Debug|Any CPU
		{8D31630B-4705-4487-A23E-F292C1114038}.Debug|Any CPU.Build.0 = Debug|Any CPU
		{8D31630B-4705-4487-A23E-F292C1114038}.Debug|x64.ActiveCfg = Debug|x64
		{8D31630B-4705-4487-A23E-F292C1114038}.Debug|x64.Build.0 = Debug|x64
		{8D31630B-4705-4487-A23E-F292C1114038}.Release|Any CPU.ActiveCfg = Release|Any CPU
		{8D31630B-4705-4487-A23E-F292C1114038}.Release|Any CPU.Build.0 = Release|Any CPU
		{8D31630B-4705-4487-A23E-F292C1114038}.Release|x64.ActiveCfg = Release|x64
		{8D31630B-4705-4487-A23E-F292C1114038}.Release|x64.Build.0 = Release|x64
	EndGlobalSection
	GlobalSection(SolutionProperties) = preSolution
		HideSolutionNode = FALSE
	EndGlobalSection
	GlobalSection(ExtensibilityGlobals) = postSolution
		SolutionGuid = {2A275DE7-5793-4B21-89A3-65DA95582228}
	EndGlobalSection
EndGlobal
